// !$*UTF8*$!
{
	archiveVersion = 1;
	classes = {
	};
	objectVersion = 54;
	objects = {

/* Begin PBXBuildFile section */
		10039E642D9A4A598191ACA8 /* Inter-Medium.ttf in Resources */ = {isa = PBXBuildFile; fileRef = 988FE5EECB234295BAD496D4 /* Inter-Medium.ttf */; };
		121E57F65FEE4D68ABAA2594 /* Satoshi-Variable.ttf in Resources */ = {isa = PBXBuildFile; fileRef = B12E695C627C4C34BDA69D80 /* Satoshi-Variable.ttf */; };
		13B07FBF1A68108700A75B9A /* Images.xcassets in Resources */ = {isa = PBXBuildFile; fileRef = 13B07FB51A68108700A75B9A /* Images.xcassets */; };
		24FDAC143B9541A18284C17F /* Obviously_Semi 2.otf in Resources */ = {isa = PBXBuildFile; fileRef = 0C7C7B5D957C4B669EAC9C17 /* Obviously_Semi 2.otf */; };
		3611859786044F798EBEE0C9 /* Satoshi-VariableItalic.ttf in Resources */ = {isa = PBXBuildFile; fileRef = 1C1CEE77EA6F45C1BDA84003 /* Satoshi-VariableItalic.ttf */; };
		3723BE832B8E4894B0343922 /* Inter-Thin.ttf in Resources */ = {isa = PBXBuildFile; fileRef = 03037B13F7A84EEEBC033BA0 /* Inter-Thin.ttf */; };
		375F9674752642F2BD78D038 /* Obviously_Semi.otf in Resources */ = {isa = PBXBuildFile; fileRef = 587B98F3B4844CF0BC2C87F9 /* Obviously_Semi.otf */; };
		644929C40F1036A60F49A88C /* PrivacyInfo.xcprivacy in Resources */ = {isa = PBXBuildFile; fileRef = 13B07FB81A68108700A75B9A /* PrivacyInfo.xcprivacy */; };
		6CFF2EDBA46C4C0EB0A1B54F /* fonnts.com-Obviously_Semi.otf in Resources */ = {isa = PBXBuildFile; fileRef = BE35CC51013A49AC83DA4CAA /* fonnts.com-Obviously_Semi.otf */; };
		6D92D9DD2FF049F9AC78FC82 /* Inter-Light.ttf in Resources */ = {isa = PBXBuildFile; fileRef = EECA680FE89B4B838C5CD036 /* Inter-Light.ttf */; };
		761780ED2CA45674006654EE /* AppDelegate.swift in Sources */ = {isa = PBXBuildFile; fileRef = 761780EC2CA45674006654EE /* AppDelegate.swift */; };
		79278C243B9345208E2D4A57 /* Inter-ExtraBold.ttf in Resources */ = {isa = PBXBuildFile; fileRef = 2F730381598148689ABA55DA /* Inter-ExtraBold.ttf */; };
		7A5E588D2F4D4413A0072A27 /* Inter-Bold.ttf in Resources */ = {isa = PBXBuildFile; fileRef = DE586C7E4D9041E7BE3E7F4F /* Inter-Bold.ttf */; };
		81AB9BB82411601600AC10FF /* LaunchScreen.storyboard in Resources */ = {isa = PBXBuildFile; fileRef = 81AB9BB72411601600AC10FF /* LaunchScreen.storyboard */; };
		8324F21EBA1A48CBB918BB08 /* selection.json in Resources */ = {isa = PBXBuildFile; fileRef = A3F9A6A9D45B44E28BA2C6B2 /* selection.json */; };
		89BFFA8D7D9644C0BC9A38BD /* icomoon.ttf in Resources */ = {isa = PBXBuildFile; fileRef = 7319C3E4511F4852BD74E5C2 /* icomoon.ttf */; };
		8D19D884C37B4CEE8C4D6E67 /* Inter-SemiBold.ttf in Resources */ = {isa = PBXBuildFile; fileRef = 2CC0EB5DB52E4BE4B22B9B5C /* Inter-SemiBold.ttf */; };
		8DBF2BE16B654B7C97732482 /* Inter-ExtraLight.ttf in Resources */ = {isa = PBXBuildFile; fileRef = 5E6B01A50D7F451798C71DCB /* Inter-ExtraLight.ttf */; };
		A6655035D47F46D99C4568D5 /* Inter-Black.ttf in Resources */ = {isa = PBXBuildFile; fileRef = 24FF180AC4C144DBA66FDABE /* Inter-Black.ttf */; };
		D1460C151FB3431BAFD49D68 /* Inter-Regular.ttf in Resources */ = {isa = PBXBuildFile; fileRef = 281B773C544949D19BC4DCEA /* Inter-Regular.ttf */; };
		D88968A7A6314F19A954EEB1 /* Obviously.otf in Resources */ = {isa = PBXBuildFile; fileRef = 6556ECD272FA408B9955F9DB /* Obviously.otf */; };
		E33A0F64485F43C1A2B75893 /* Obviously_Blck.otf in Resources */ = {isa = PBXBuildFile; fileRef = 7787B9557BB04D6F81157A8F /* Obviously_Blck.otf */; };
		F1C236AE45B54140344BB69A /* libPods-CrebitPay.a in Frameworks */ = {isa = PBXBuildFile; fileRef = 391A956845B242C42436A5BF /* libPods-CrebitPay.a */; };
/* End PBXBuildFile section */

/* Begin PBXFileReference section */
		03037B13F7A84EEEBC033BA0 /* Inter-Thin.ttf */ = {isa = PBXFileReference; explicitFileType = undefined; fileEncoding = undefined; includeInIndex = 0; lastKnownFileType = unknown; name = "Inter-Thin.ttf"; path = "../assets/fonts/icomoon/Inter-Thin.ttf"; sourceTree = "<group>"; };
		0C7C7B5D957C4B669EAC9C17 /* Obviously_Semi 2.otf */ = {isa = PBXFileReference; explicitFileType = undefined; fileEncoding = undefined; includeInIndex = 0; lastKnownFileType = unknown; name = "Obviously_Semi 2.otf"; path = "../assets/fonts/icomoon/Obviously_Semi 2.otf"; sourceTree = "<group>"; };
		1173977A7715991ED5B680E0 /* Pods-CrebitPay.debug.xcconfig */ = {isa = PBXFileReference; includeInIndex = 1; lastKnownFileType = text.xcconfig; name = "Pods-CrebitPay.debug.xcconfig"; path = "Target Support Files/Pods-CrebitPay/Pods-CrebitPay.debug.xcconfig"; sourceTree = "<group>"; };
		13B07F961A680F5B00A75B9A /* CrebitPay.app */ = {isa = PBXFileReference; explicitFileType = wrapper.application; includeInIndex = 0; path = CrebitPay.app; sourceTree = BUILT_PRODUCTS_DIR; };
		13B07FB51A68108700A75B9A /* Images.xcassets */ = {isa = PBXFileReference; lastKnownFileType = folder.assetcatalog; name = Images.xcassets; path = CrebitPay/Images.xcassets; sourceTree = "<group>"; };
		13B07FB61A68108700A75B9A /* Info.plist */ = {isa = PBXFileReference; fileEncoding = 4; lastKnownFileType = text.plist.xml; name = Info.plist; path = CrebitPay/Info.plist; sourceTree = "<group>"; };
		13B07FB81A68108700A75B9A /* PrivacyInfo.xcprivacy */ = {isa = PBXFileReference; fileEncoding = 4; lastKnownFileType = text.plist.xml; name = PrivacyInfo.xcprivacy; path = CrebitPay/PrivacyInfo.xcprivacy; sourceTree = "<group>"; };
		1C1CEE77EA6F45C1BDA84003 /* Satoshi-VariableItalic.ttf */ = {isa = PBXFileReference; explicitFileType = undefined; fileEncoding = 9; includeInIndex = 0; lastKnownFileType = unknown; name = "Satoshi-VariableItalic.ttf"; path = "../assets/fonts/icomoon/Satoshi-VariableItalic.ttf"; sourceTree = "<group>"; };
		24FF180AC4C144DBA66FDABE /* Inter-Black.ttf */ = {isa = PBXFileReference; explicitFileType = undefined; fileEncoding = undefined; includeInIndex = 0; lastKnownFileType = unknown; name = "Inter-Black.ttf"; path = "../assets/fonts/icomoon/Inter-Black.ttf"; sourceTree = "<group>"; };
		281B773C544949D19BC4DCEA /* Inter-Regular.ttf */ = {isa = PBXFileReference; explicitFileType = undefined; fileEncoding = undefined; includeInIndex = 0; lastKnownFileType = unknown; name = "Inter-Regular.ttf"; path = "../assets/fonts/icomoon/Inter-Regular.ttf"; sourceTree = "<group>"; };
		2CC0EB5DB52E4BE4B22B9B5C /* Inter-SemiBold.ttf */ = {isa = PBXFileReference; explicitFileType = undefined; fileEncoding = undefined; includeInIndex = 0; lastKnownFileType = unknown; name = "Inter-SemiBold.ttf"; path = "../assets/fonts/icomoon/Inter-SemiBold.ttf"; sourceTree = "<group>"; };
		2F730381598148689ABA55DA /* Inter-ExtraBold.ttf */ = {isa = PBXFileReference; explicitFileType = undefined; fileEncoding = undefined; includeInIndex = 0; lastKnownFileType = unknown; name = "Inter-ExtraBold.ttf"; path = "../assets/fonts/icomoon/Inter-ExtraBold.ttf"; sourceTree = "<group>"; };
		391A956845B242C42436A5BF /* libPods-CrebitPay.a */ = {isa = PBXFileReference; explicitFileType = archive.ar; includeInIndex = 0; path = "libPods-CrebitPay.a"; sourceTree = BUILT_PRODUCTS_DIR; };
		587B98F3B4844CF0BC2C87F9 /* Obviously_Semi.otf */ = {isa = PBXFileReference; explicitFileType = undefined; fileEncoding = undefined; includeInIndex = 0; lastKnownFileType = unknown; name = Obviously_Semi.otf; path = ../assets/fonts/icomoon/Obviously_Semi.otf; sourceTree = "<group>"; };
		5E6B01A50D7F451798C71DCB /* Inter-ExtraLight.ttf */ = {isa = PBXFileReference; explicitFileType = undefined; fileEncoding = undefined; includeInIndex = 0; lastKnownFileType = unknown; name = "Inter-ExtraLight.ttf"; path = "../assets/fonts/icomoon/Inter-ExtraLight.ttf"; sourceTree = "<group>"; };
		63160EF673D44211D9E5FB6A /* Pods-CrebitPay.release.xcconfig */ = {isa = PBXFileReference; includeInIndex = 1; lastKnownFileType = text.xcconfig; name = "Pods-CrebitPay.release.xcconfig"; path = "Target Support Files/Pods-CrebitPay/Pods-CrebitPay.release.xcconfig"; sourceTree = "<group>"; };
		6556ECD272FA408B9955F9DB /* Obviously.otf */ = {isa = PBXFileReference; explicitFileType = undefined; fileEncoding = undefined; includeInIndex = 0; lastKnownFileType = unknown; name = Obviously.otf; path = ../assets/fonts/icomoon/Obviously.otf; sourceTree = "<group>"; };
		7319C3E4511F4852BD74E5C2 /* icomoon.ttf */ = {isa = PBXFileReference; explicitFileType = undefined; fileEncoding = 9; includeInIndex = 0; lastKnownFileType = unknown; name = icomoon.ttf; path = ../assets/fonts/icomoon/icomoon.ttf; sourceTree = "<group>"; };
		761780EC2CA45674006654EE /* AppDelegate.swift */ = {isa = PBXFileReference; lastKnownFileType = sourcecode.swift; name = AppDelegate.swift; path = CrebitPay/AppDelegate.swift; sourceTree = "<group>"; };
		7787B9557BB04D6F81157A8F /* Obviously_Blck.otf */ = {isa = PBXFileReference; explicitFileType = undefined; fileEncoding = undefined; includeInIndex = 0; lastKnownFileType = unknown; name = Obviously_Blck.otf; path = ../assets/fonts/icomoon/Obviously_Blck.otf; sourceTree = "<group>"; };
		81AB9BB72411601600AC10FF /* LaunchScreen.storyboard */ = {isa = PBXFileReference; fileEncoding = 4; lastKnownFileType = file.storyboard; name = LaunchScreen.storyboard; path = CrebitPay/LaunchScreen.storyboard; sourceTree = "<group>"; };
		988FE5EECB234295BAD496D4 /* Inter-Medium.ttf */ = {isa = PBXFileReference; explicitFileType = undefined; fileEncoding = undefined; includeInIndex = 0; lastKnownFileType = unknown; name = "Inter-Medium.ttf"; path = "../assets/fonts/icomoon/Inter-Medium.ttf"; sourceTree = "<group>"; };
		A3F9A6A9D45B44E28BA2C6B2 /* selection.json */ = {isa = PBXFileReference; explicitFileType = undefined; fileEncoding = 9; includeInIndex = 0; lastKnownFileType = unknown; name = selection.json; path = ../assets/fonts/icomoon/selection.json; sourceTree = "<group>"; };
		B12E695C627C4C34BDA69D80 /* Satoshi-Variable.ttf */ = {isa = PBXFileReference; explicitFileType = undefined; fileEncoding = 9; includeInIndex = 0; lastKnownFileType = unknown; name = "Satoshi-Variable.ttf"; path = "../assets/fonts/icomoon/Satoshi-Variable.ttf"; sourceTree = "<group>"; };
		BE35CC51013A49AC83DA4CAA /* fonnts.com-Obviously_Semi.otf */ = {isa = PBXFileReference; explicitFileType = undefined; fileEncoding = 9; includeInIndex = 0; lastKnownFileType = unknown; name = "fonnts.com-Obviously_Semi.otf"; path = "../assets/fonts/icomoon/fonnts.com-Obviously_Semi.otf"; sourceTree = "<group>"; };
		DE586C7E4D9041E7BE3E7F4F /* Inter-Bold.ttf */ = {isa = PBXFileReference; explicitFileType = undefined; fileEncoding = undefined; includeInIndex = 0; lastKnownFileType = unknown; name = "Inter-Bold.ttf"; path = "../assets/fonts/icomoon/Inter-Bold.ttf"; sourceTree = "<group>"; };
		ED297162215061F000B7C4FE /* JavaScriptCore.framework */ = {isa = PBXFileReference; lastKnownFileType = wrapper.framework; name = JavaScriptCore.framework; path = System/Library/Frameworks/JavaScriptCore.framework; sourceTree = SDKROOT; };
		EECA680FE89B4B838C5CD036 /* Inter-Light.ttf */ = {isa = PBXFileReference; explicitFileType = undefined; fileEncoding = undefined; includeInIndex = 0; lastKnownFileType = unknown; name = "Inter-Light.ttf"; path = "../assets/fonts/icomoon/Inter-Light.ttf"; sourceTree = "<group>"; };
/* End PBXFileReference section */

/* Begin PBXFrameworksBuildPhase section */
		13B07F8C1A680F5B00A75B9A /* Frameworks */ = {
			isa = PBXFrameworksBuildPhase;
			buildActionMask = 2147483647;
			files = (
				F1C236AE45B54140344BB69A /* libPods-CrebitPay.a in Frameworks */,
			);
			runOnlyForDeploymentPostprocessing = 0;
		};
/* End PBXFrameworksBuildPhase section */

/* Begin PBXGroup section */
		13B07FAE1A68108700A75B9A /* CrebitPay */ = {
			isa = PBXGroup;
			children = (
				13B07FB51A68108700A75B9A /* Images.xcassets */,
				761780EC2CA45674006654EE /* AppDelegate.swift */,
				13B07FB61A68108700A75B9A /* Info.plist */,
				81AB9BB72411601600AC10FF /* LaunchScreen.storyboard */,
				13B07FB81A68108700A75B9A /* PrivacyInfo.xcprivacy */,
			);
			name = CrebitPay;
			sourceTree = "<group>";
		};
		181C4FD2A8424EDC9FB8C83C /* Resources */ = {
			isa = PBXGroup;
			children = (
				7319C3E4511F4852BD74E5C2 /* icomoon.ttf */,
				A3F9A6A9D45B44E28BA2C6B2 /* selection.json */,
				B12E695C627C4C34BDA69D80 /* Satoshi-Variable.ttf */,
				1C1CEE77EA6F45C1BDA84003 /* Satoshi-VariableItalic.ttf */,
				BE35CC51013A49AC83DA4CAA /* fonnts.com-Obviously_Semi.otf */,
				6556ECD272FA408B9955F9DB /* Obviously.otf */,
				7787B9557BB04D6F81157A8F /* Obviously_Blck.otf */,
				0C7C7B5D957C4B669EAC9C17 /* Obviously_Semi 2.otf */,
				587B98F3B4844CF0BC2C87F9 /* Obviously_Semi.otf */,
				24FF180AC4C144DBA66FDABE /* Inter-Black.ttf */,
				DE586C7E4D9041E7BE3E7F4F /* Inter-Bold.ttf */,
				2F730381598148689ABA55DA /* Inter-ExtraBold.ttf */,
				5E6B01A50D7F451798C71DCB /* Inter-ExtraLight.ttf */,
				EECA680FE89B4B838C5CD036 /* Inter-Light.ttf */,
				988FE5EECB234295BAD496D4 /* Inter-Medium.ttf */,
				281B773C544949D19BC4DCEA /* Inter-Regular.ttf */,
				2CC0EB5DB52E4BE4B22B9B5C /* Inter-SemiBold.ttf */,
				03037B13F7A84EEEBC033BA0 /* Inter-Thin.ttf */,
			);
			name = Resources;
			sourceTree = "<group>";
		};
		2D16E6871FA4F8E400B85C8A /* Frameworks */ = {
			isa = PBXGroup;
			children = (
				ED297162215061F000B7C4FE /* JavaScriptCore.framework */,
				391A956845B242C42436A5BF /* libPods-CrebitPay.a */,
			);
			name = Frameworks;
			sourceTree = "<group>";
		};
		832341AE1AAA6A7D00B99B32 /* Libraries */ = {
			isa = PBXGroup;
			children = (
			);
			name = Libraries;
			sourceTree = "<group>";
		};
		83CBB9F61A601CBA00E9B192 = {
			isa = PBXGroup;
			children = (
				13B07FAE1A68108700A75B9A /* CrebitPay */,
				832341AE1AAA6A7D00B99B32 /* Libraries */,
				83CBBA001A601CBA00E9B192 /* Products */,
				2D16E6871FA4F8E400B85C8A /* Frameworks */,
				BBD78D7AC51CEA395F1C20DB /* Pods */,
				181C4FD2A8424EDC9FB8C83C /* Resources */,
			);
			indentWidth = 2;
			sourceTree = "<group>";
			tabWidth = 2;
			usesTabs = 0;
		};
		83CBBA001A601CBA00E9B192 /* Products */ = {
			isa = PBXGroup;
			children = (
				13B07F961A680F5B00A75B9A /* CrebitPay.app */,
			);
			name = Products;
			sourceTree = "<group>";
		};
		BBD78D7AC51CEA395F1C20DB /* Pods */ = {
			isa = PBXGroup;
			children = (
				1173977A7715991ED5B680E0 /* Pods-CrebitPay.debug.xcconfig */,
				63160EF673D44211D9E5FB6A /* Pods-CrebitPay.release.xcconfig */,
			);
			path = Pods;
			sourceTree = "<group>";
		};
/* End PBXGroup section */

/* Begin PBXNativeTarget section */
		13B07F861A680F5B00A75B9A /* CrebitPay */ = {
			isa = PBXNativeTarget;
			buildConfigurationList = 13B07F931A680F5B00A75B9A /* Build configuration list for PBXNativeTarget "CrebitPay" */;
			buildPhases = (
				05865B05ABA21DD571DD0502 /* [CP] Check Pods Manifest.lock */,
				13B07F871A680F5B00A75B9A /* Sources */,
				13B07F8C1A680F5B00A75B9A /* Frameworks */,
				13B07F8E1A680F5B00A75B9A /* Resources */,
				00DD1BFF1BD5951E006B06BC /* Bundle React Native code and images */,
				B0327E76A0A5D858824B29FD /* [CP] Embed Pods Frameworks */,
				F63E41743C16C923B119CD6A /* [CP] Copy Pods Resources */,
			);
			buildRules = (
			);
			dependencies = (
			);
			name = CrebitPay;
			productName = CrebitPay;
			productReference = 13B07F961A680F5B00A75B9A /* CrebitPay.app */;
			productType = "com.apple.product-type.application";
		};
/* End PBXNativeTarget section */

/* Begin PBXProject section */
		83CBB9F71A601CBA00E9B192 /* Project object */ = {
			isa = PBXProject;
			attributes = {
				LastUpgradeCheck = 1210;
				TargetAttributes = {
					13B07F861A680F5B00A75B9A = {
						LastSwiftMigration = 1120;
					};
				};
			};
			buildConfigurationList = 83CBB9FA1A601CBA00E9B192 /* Build configuration list for PBXProject "CrebitPay" */;
			compatibilityVersion = "Xcode 12.0";
			developmentRegion = en;
			hasScannedForEncodings = 0;
			knownRegions = (
				en,
				Base,
			);
			mainGroup = 83CBB9F61A601CBA00E9B192;
			productRefGroup = 83CBBA001A601CBA00E9B192 /* Products */;
			projectDirPath = "";
			projectRoot = "";
			targets = (
				13B07F861A680F5B00A75B9A /* CrebitPay */,
			);
		};
/* End PBXProject section */

/* Begin PBXResourcesBuildPhase section */
		13B07F8E1A680F5B00A75B9A /* Resources */ = {
			isa = PBXResourcesBuildPhase;
			buildActionMask = 2147483647;
			files = (
				81AB9BB82411601600AC10FF /* LaunchScreen.storyboard in Resources */,
				13B07FBF1A68108700A75B9A /* Images.xcassets in Resources */,
				644929C40F1036A60F49A88C /* PrivacyInfo.xcprivacy in Resources */,
				89BFFA8D7D9644C0BC9A38BD /* icomoon.ttf in Resources */,
				8324F21EBA1A48CBB918BB08 /* selection.json in Resources */,
				121E57F65FEE4D68ABAA2594 /* Satoshi-Variable.ttf in Resources */,
				3611859786044F798EBEE0C9 /* Satoshi-VariableItalic.ttf in Resources */,
				6CFF2EDBA46C4C0EB0A1B54F /* fonnts.com-Obviously_Semi.otf in Resources */,
				D88968A7A6314F19A954EEB1 /* Obviously.otf in Resources */,
				E33A0F64485F43C1A2B75893 /* Obviously_Blck.otf in Resources */,
				24FDAC143B9541A18284C17F /* Obviously_Semi 2.otf in Resources */,
				375F9674752642F2BD78D038 /* Obviously_Semi.otf in Resources */,
				A6655035D47F46D99C4568D5 /* Inter-Black.ttf in Resources */,
				7A5E588D2F4D4413A0072A27 /* Inter-Bold.ttf in Resources */,
				79278C243B9345208E2D4A57 /* Inter-ExtraBold.ttf in Resources */,
				8DBF2BE16B654B7C97732482 /* Inter-ExtraLight.ttf in Resources */,
				6D92D9DD2FF049F9AC78FC82 /* Inter-Light.ttf in Resources */,
				10039E642D9A4A598191ACA8 /* Inter-Medium.ttf in Resources */,
				D1460C151FB3431BAFD49D68 /* Inter-Regular.ttf in Resources */,
				8D19D884C37B4CEE8C4D6E67 /* Inter-SemiBold.ttf in Resources */,
				3723BE832B8E4894B0343922 /* Inter-Thin.ttf in Resources */,
			);
			runOnlyForDeploymentPostprocessing = 0;
		};
/* End PBXResourcesBuildPhase section */

/* Begin PBXShellScriptBuildPhase section */
		00DD1BFF1BD5951E006B06BC /* Bundle React Native code and images */ = {
			isa = PBXShellScriptBuildPhase;
			buildActionMask = 2147483647;
			files = (
			);
			inputPaths = (
				"$(SRCROOT)/.xcode.env.local",
				"$(SRCROOT)/.xcode.env",
			);
			name = "Bundle React Native code and images";
			outputPaths = (
			);
			runOnlyForDeploymentPostprocessing = 0;
			shellPath = /bin/sh;
			shellScript = "set -e\n\nWITH_ENVIRONMENT=\"$REACT_NATIVE_PATH/scripts/xcode/with-environment.sh\"\nREACT_NATIVE_XCODE=\"$REACT_NATIVE_PATH/scripts/react-native-xcode.sh\"\n\n/bin/sh -c \"$WITH_ENVIRONMENT $REACT_NATIVE_XCODE\"\n";
		};
		05865B05ABA21DD571DD0502 /* [CP] Check Pods Manifest.lock */ = {
			isa = PBXShellScriptBuildPhase;
			buildActionMask = 2147483647;
			files = (
			);
			inputFileListPaths = (
			);
			inputPaths = (
				"${PODS_PODFILE_DIR_PATH}/Podfile.lock",
				"${PODS_ROOT}/Manifest.lock",
			);
			name = "[CP] Check Pods Manifest.lock";
			outputFileListPaths = (
			);
			outputPaths = (
				"$(DERIVED_FILE_DIR)/Pods-CrebitPay-checkManifestLockResult.txt",
			);
			runOnlyForDeploymentPostprocessing = 0;
			shellPath = /bin/sh;
			shellScript = "diff \"${PODS_PODFILE_DIR_PATH}/Podfile.lock\" \"${PODS_ROOT}/Manifest.lock\" > /dev/null\nif [ $? != 0 ] ; then\n    # print error to STDERR\n    echo \"error: The sandbox is not in sync with the Podfile.lock. Run 'pod install' or update your CocoaPods installation.\" >&2\n    exit 1\nfi\n# This output is used by Xcode 'outputs' to avoid re-running this script phase.\necho \"SUCCESS\" > \"${SCRIPT_OUTPUT_FILE_0}\"\n";
			showEnvVarsInLog = 0;
		};
		B0327E76A0A5D858824B29FD /* [CP] Embed Pods Frameworks */ = {
			isa = PBXShellScriptBuildPhase;
			buildActionMask = 2147483647;
			files = (
			);
			inputFileListPaths = (
				"${PODS_ROOT}/Target Support Files/Pods-CrebitPay/Pods-CrebitPay-frameworks-${CONFIGURATION}-input-files.xcfilelist",
			);
			name = "[CP] Embed Pods Frameworks";
			outputFileListPaths = (
				"${PODS_ROOT}/Target Support Files/Pods-CrebitPay/Pods-CrebitPay-frameworks-${CONFIGURATION}-output-files.xcfilelist",
			);
			runOnlyForDeploymentPostprocessing = 0;
			shellPath = /bin/sh;
			shellScript = "\"${PODS_ROOT}/Target Support Files/Pods-CrebitPay/Pods-CrebitPay-frameworks.sh\"\n";
			showEnvVarsInLog = 0;
		};
		F63E41743C16C923B119CD6A /* [CP] Copy Pods Resources */ = {
			isa = PBXShellScriptBuildPhase;
			buildActionMask = 2147483647;
			files = (
			);
			inputFileListPaths = (
				"${PODS_ROOT}/Target Support Files/Pods-CrebitPay/Pods-CrebitPay-resources-${CONFIGURATION}-input-files.xcfilelist",
			);
			name = "[CP] Copy Pods Resources";
			outputFileListPaths = (
				"${PODS_ROOT}/Target Support Files/Pods-CrebitPay/Pods-CrebitPay-resources-${CONFIGURATION}-output-files.xcfilelist",
			);
			runOnlyForDeploymentPostprocessing = 0;
			shellPath = /bin/sh;
			shellScript = "\"${PODS_ROOT}/Target Support Files/Pods-CrebitPay/Pods-CrebitPay-resources.sh\"\n";
			showEnvVarsInLog = 0;
		};
/* End PBXShellScriptBuildPhase section */

/* Begin PBXSourcesBuildPhase section */
		13B07F871A680F5B00A75B9A /* Sources */ = {
			isa = PBXSourcesBuildPhase;
			buildActionMask = 2147483647;
			files = (
				761780ED2CA45674006654EE /* AppDelegate.swift in Sources */,
			);
			runOnlyForDeploymentPostprocessing = 0;
		};
/* End PBXSourcesBuildPhase section */

/* Begin XCBuildConfiguration section */
		13B07F941A680F5B00A75B9A /* Debug */ = {
			isa = XCBuildConfiguration;
			baseConfigurationReference = 1173977A7715991ED5B680E0 /* Pods-CrebitPay.debug.xcconfig */;
			buildSettings = {
				ASSETCATALOG_COMPILER_APPICON_NAME = AppIcon;
				CLANG_ENABLE_MODULES = YES;
				CODE_SIGN_STYLE = Manual;
				CURRENT_PROJECT_VERSION = 1;
				DEVELOPMENT_TEAM = "";
				ENABLE_BITCODE = NO;
				INFOPLIST_FILE = CrebitPay/Info.plist;
				IPHONEOS_DEPLOYMENT_TARGET = 15.1;
				LD_RUNPATH_SEARCH_PATHS = (
					"$(inherited)",
					"@executable_path/Frameworks",
				);
				MARKETING_VERSION = 1.0;
				OTHER_LDFLAGS = (
					"$(inherited)",
					"-ObjC",
					"-lc++",
				);
				PRODUCT_BUNDLE_IDENTIFIER = "org.reactjs.native.example.$(PRODUCT_NAME:rfc1034identifier)";
				PRODUCT_NAME = CrebitPay;
				PROVISIONING_PROFILE_SPECIFIER = "";
				SUPPORTED_PLATFORMS = "iphoneos iphonesimulator";
				SUPPORTS_MACCATALYST = NO;
				SUPPORTS_XR_DESIGNED_FOR_IPHONE_IPAD = NO;
				SWIFT_OPTIMIZATION_LEVEL = "-Onone";
				SWIFT_VERSION = 5.0;
				TARGETED_DEVICE_FAMILY = "1,2";
				VERSIONING_SYSTEM = "apple-generic";
			};
			name = Debug;
		};
		13B07F951A680F5B00A75B9A /* Release */ = {
			isa = XCBuildConfiguration;
			baseConfigurationReference = 63160EF673D44211D9E5FB6A /* Pods-CrebitPay.release.xcconfig */;
			buildSettings = {
				ASSETCATALOG_COMPILER_APPICON_NAME = AppIcon;
				CLANG_ENABLE_MODULES = YES;
				CODE_SIGN_STYLE = Manual;
				CURRENT_PROJECT_VERSION = 1;
				DEVELOPMENT_TEAM = "";
				INFOPLIST_FILE = CrebitPay/Info.plist;
				IPHONEOS_DEPLOYMENT_TARGET = 15.1;
				LD_RUNPATH_SEARCH_PATHS = (
					"$(inherited)",
					"@executable_path/Frameworks",
				);
				MARKETING_VERSION = 1.0;
				OTHER_LDFLAGS = (
					"$(inherited)",
					"-ObjC",
					"-lc++",
				);
				PRODUCT_BUNDLE_IDENTIFIER = "org.reactjs.native.example.$(PRODUCT_NAME:rfc1034identifier)";
				PRODUCT_NAME = CrebitPay;
				PROVISIONING_PROFILE_SPECIFIER = "";
				SUPPORTED_PLATFORMS = "iphoneos iphonesimulator";
				SUPPORTS_MACCATALYST = NO;
				SUPPORTS_XR_DESIGNED_FOR_IPHONE_IPAD = NO;
				SWIFT_VERSION = 5.0;
				TARGETED_DEVICE_FAMILY = "1,2";
				VERSIONING_SYSTEM = "apple-generic";
			};
			name = Release;
		};
		83CBBA201A601CBA00E9B192 /* Debug */ = {
			isa = XCBuildConfiguration;
			buildSettings = {
				ALWAYS_SEARCH_USER_PATHS = NO;
				CLANG_ANALYZER_LOCALIZABILITY_NONLOCALIZED = YES;
				CLANG_CXX_LANGUAGE_STANDARD = "c++20";
				CLANG_CXX_LIBRARY = "libc++";
				CLANG_ENABLE_MODULES = YES;
				CLANG_ENABLE_OBJC_ARC = YES;
				CLANG_WARN_BLOCK_CAPTURE_AUTORELEASING = YES;
				CLANG_WARN_BOOL_CONVERSION = YES;
				CLANG_WARN_COMMA = YES;
				CLANG_WARN_CONSTANT_CONVERSION = YES;
				CLANG_WARN_DEPRECATED_OBJC_IMPLEMENTATIONS = YES;
				CLANG_WARN_DIRECT_OBJC_ISA_USAGE = YES_ERROR;
				CLANG_WARN_EMPTY_BODY = YES;
				CLANG_WARN_ENUM_CONVERSION = YES;
				CLANG_WARN_INFINITE_RECURSION = YES;
				CLANG_WARN_INT_CONVERSION = YES;
				CLANG_WARN_NON_LITERAL_NULL_CONVERSION = YES;
				CLANG_WARN_OBJC_IMPLICIT_RETAIN_SELF = YES;
				CLANG_WARN_OBJC_LITERAL_CONVERSION = YES;
				CLANG_WARN_OBJC_ROOT_CLASS = YES_ERROR;
				CLANG_WARN_QUOTED_INCLUDE_IN_FRAMEWORK_HEADER = YES;
				CLANG_WARN_RANGE_LOOP_ANALYSIS = YES;
				CLANG_WARN_STRICT_PROTOTYPES = YES;
				CLANG_WARN_SUSPICIOUS_MOVE = YES;
				CLANG_WARN_UNREACHABLE_CODE = YES;
				CLANG_WARN__DUPLICATE_METHOD_MATCH = YES;
				"CODE_SIGN_IDENTITY[sdk=iphoneos*]" = "iPhone Developer";
				COPY_PHASE_STRIP = NO;
				ENABLE_STRICT_OBJC_MSGSEND = YES;
				ENABLE_TESTABILITY = YES;
				"EXCLUDED_ARCHS[sdk=iphonesimulator*]" = "";
				GCC_C_LANGUAGE_STANDARD = gnu99;
				GCC_DYNAMIC_NO_PIC = NO;
				GCC_NO_COMMON_BLOCKS = YES;
				GCC_OPTIMIZATION_LEVEL = 0;
				GCC_PREPROCESSOR_DEFINITIONS = (
					"DEBUG=1",
					"$(inherited)",
				);
				GCC_SYMBOLS_PRIVATE_EXTERN = NO;
				GCC_WARN_64_TO_32_BIT_CONVERSION = YES;
				GCC_WARN_ABOUT_RETURN_TYPE = YES_ERROR;
				GCC_WARN_UNDECLARED_SELECTOR = YES;
				GCC_WARN_UNINITIALIZED_AUTOS = YES_AGGRESSIVE;
				GCC_WARN_UNUSED_FUNCTION = YES;
				GCC_WARN_UNUSED_VARIABLE = YES;
				IPHONEOS_DEPLOYMENT_TARGET = 15.1;
				LD_RUNPATH_SEARCH_PATHS = (
					/usr/lib/swift,
					"$(inherited)",
				);
				LIBRARY_SEARCH_PATHS = (
					"\"$(SDKROOT)/usr/lib/swift\"",
					"\"$(TOOLCHAIN_DIR)/usr/lib/swift/$(PLATFORM_NAME)\"",
					"\"$(inherited)\"",
				);
				MTL_ENABLE_DEBUG_INFO = YES;
				ONLY_ACTIVE_ARCH = YES;
				OTHER_CPLUSPLUSFLAGS = (
					"$(OTHER_CFLAGS)",
					"-DFOLLY_NO_CONFIG",
					"-DFOLLY_MOBILE=1",
					"-DFOLLY_USE_LIBCPP=1",
					"-DFOLLY_CFG_NO_COROUTINES=1",
					"-DFOLLY_HAVE_CLOCK_GETTIME=1",
				);
				OTHER_LDFLAGS = (
					"$(inherited)",
					" ",
				);
				REACT_NATIVE_PATH = "${PODS_ROOT}/../../node_modules/react-native";
				SDKROOT = iphoneos;
				SWIFT_ACTIVE_COMPILATION_CONDITIONS = "$(inherited) DEBUG";
				USE_HERMES = true;
			};
			name = Debug;
		};
		83CBBA211A601CBA00E9B192 /* Release */ = {
			isa = XCBuildConfiguration;
			buildSettings = {
				ALWAYS_SEARCH_USER_PATHS = NO;
				CLANG_ANALYZER_LOCALIZABILITY_NONLOCALIZED = YES;
				CLANG_CXX_LANGUAGE_STANDARD = "c++20";
				CLANG_CXX_LIBRARY = "libc++";
				CLANG_ENABLE_MODULES = YES;
				CLANG_ENABLE_OBJC_ARC = YES;
				CLANG_WARN_BLOCK_CAPTURE_AUTORELEASING = YES;
				CLANG_WARN_BOOL_CONVERSION = YES;
				CLANG_WARN_COMMA = YES;
				CLANG_WARN_CONSTANT_CONVERSION = YES;
				CLANG_WARN_DEPRECATED_OBJC_IMPLEMENTATIONS = YES;
				CLANG_WARN_DIRECT_OBJC_ISA_USAGE = YES_ERROR;
				CLANG_WARN_EMPTY_BODY = YES;
				CLANG_WARN_ENUM_CONVERSION = YES;
				CLANG_WARN_INFINITE_RECURSION = YES;
				CLANG_WARN_INT_CONVERSION = YES;
				CLANG_WARN_NON_LITERAL_NULL_CONVERSION = YES;
				CLANG_WARN_OBJC_IMPLICIT_RETAIN_SELF = YES;
				CLANG_WARN_OBJC_LITERAL_CONVERSION = YES;
				CLANG_WARN_OBJC_ROOT_CLASS = YES_ERROR;
				CLANG_WARN_QUOTED_INCLUDE_IN_FRAMEWORK_HEADER = YES;
				CLANG_WARN_RANGE_LOOP_ANALYSIS = YES;
				CLANG_WARN_STRICT_PROTOTYPES = YES;
				CLANG_WARN_SUSPICIOUS_MOVE = YES;
				CLANG_WARN_UNREACHABLE_CODE = YES;
				CLANG_WARN__DUPLICATE_METHOD_MATCH = YES;
				"CODE_SIGN_IDENTITY[sdk=iphoneos*]" = "iPhone Developer";
				COPY_PHASE_STRIP = YES;
				ENABLE_NS_ASSERTIONS = NO;
				ENABLE_STRICT_OBJC_MSGSEND = YES;
				"EXCLUDED_ARCHS[sdk=iphonesimulator*]" = "";
				GCC_C_LANGUAGE_STANDARD = gnu99;
				GCC_NO_COMMON_BLOCKS = YES;
				GCC_WARN_64_TO_32_BIT_CONVERSION = YES;
				GCC_WARN_ABOUT_RETURN_TYPE = YES_ERROR;
				GCC_WARN_UNDECLARED_SELECTOR = YES;
				GCC_WARN_UNINITIALIZED_AUTOS = YES_AGGRESSIVE;
				GCC_WARN_UNUSED_FUNCTION = YES;
				GCC_WARN_UNUSED_VARIABLE = YES;
				IPHONEOS_DEPLOYMENT_TARGET = 15.1;
				LD_RUNPATH_SEARCH_PATHS = (
					/usr/lib/swift,
					"$(inherited)",
				);
				LIBRARY_SEARCH_PATHS = (
					"\"$(SDKROOT)/usr/lib/swift\"",
					"\"$(TOOLCHAIN_DIR)/usr/lib/swift/$(PLATFORM_NAME)\"",
					"\"$(inherited)\"",
				);
				MTL_ENABLE_DEBUG_INFO = NO;
				OTHER_CPLUSPLUSFLAGS = (
					"$(OTHER_CFLAGS)",
					"-DFOLLY_NO_CONFIG",
					"-DFOLLY_MOBILE=1",
					"-DFOLLY_USE_LIBCPP=1",
					"-DFOLLY_CFG_NO_COROUTINES=1",
					"-DFOLLY_HAVE_CLOCK_GETTIME=1",
				);
				OTHER_LDFLAGS = (
					"$(inherited)",
					" ",
				);
				REACT_NATIVE_PATH = "${PODS_ROOT}/../../node_modules/react-native";
				SDKROOT = iphoneos;
				USE_HERMES = true;
				VALIDATE_PRODUCT = YES;
			};
			name = Release;
		};
/* End XCBuildConfiguration section */

/* Begin XCConfigurationList section */
		13B07F931A680F5B00A75B9A /* Build configuration list for PBXNativeTarget "CrebitPay" */ = {
			isa = XCConfigurationList;
			buildConfigurations = (
				13B07F941A680F5B00A75B9A /* Debug */,
				13B07F951A680F5B00A75B9A /* Release */,
			);
			defaultConfigurationIsVisible = 0;
			defaultConfigurationName = Release;
		};
		83CBB9FA1A601CBA00E9B192 /* Build configuration list for PBXProject "CrebitPay" */ = {
			isa = XCConfigurationList;
			buildConfigurations = (
				83CBBA201A601CBA00E9B192 /* Debug */,
				83CBBA211A601CBA00E9B192 /* Release */,
			);
			defaultConfigurationIsVisible = 0;
			defaultConfigurationName = Release;
		};
/* End XCConfigurationList section */
	};
	rootObject = 83CBB9F71A601CBA00E9B192 /* Project object */;
}
